{
  "version": 4,
  "terraform_version": "1.6.0",
  "serial": 1,
  "lineage": "d6f8d7a7-a509-08a3-996b-1da1cc5ef0a2",
  "outputs": {},
  "resources": [
    {
      "mode": "managed",
      "type": "github_repository",
      "name": "GIT_TERRA_DEMO",
      "provider": "provider[\"registry.terraform.io/integrations/github\"]",
      "instances": [
        {
          "schema_version": 1,
          "attributes": {
            "allow_auto_merge": false,
            "allow_merge_commit": true,
            "allow_rebase_merge": true,
            "allow_squash_merge": true,
            "allow_update_branch": false,
            "archive_on_destroy": null,
            "archived": false,
            "auto_init": null,
            "default_branch": "main",
            "delete_branch_on_merge": false,
            "description": "Automatic creation of github_repository using terraform",
            "etag": "W/\"60d737b23090d0d22f00f5a3ea7734b2e9a39c4ef6e37bb5c4cee54b972473f2\"",
            "full_name": "Harsh3369/Terraform_Git_Integration_demo",
            "git_clone_url": "git://github.com/Harsh3369/Terraform_Git_Integration_demo.git",
            "gitignore_template": null,
            "has_discussions": false,
            "has_downloads": false,
            "has_issues": false,
            "has_projects": false,
            "has_wiki": false,
            "homepage_url": "",
            "html_url": "https://github.com/Harsh3369/Terraform_Git_Integration_demo",
            "http_clone_url": "https://github.com/Harsh3369/Terraform_Git_Integration_demo.git",
            "id": "Terraform_Git_Integration_demo",
            "ignore_vulnerability_alerts_during_read": null,
            "is_template": false,
            "license_template": null,
            "merge_commit_message": "PR_TITLE",
            "merge_commit_title": "MERGE_MESSAGE",
            "name": "Terraform_Git_Integration_demo",
            "node_id": "R_kgDOKd4wKA",
            "pages": [],
            "primary_language": "",
            "private": false,
            "repo_id": 702427176,
            "security_and_analysis": [
              {
                "advanced_security": [],
                "secret_scanning": [
                  {
                    "status": "disabled"
                  }
                ],
                "secret_scanning_push_protection": [
                  {
                    "status": "disabled"
                  }
                ]
              }
            ],
            "squash_merge_commit_message": "COMMIT_MESSAGES",
            "squash_merge_commit_title": "COMMIT_OR_PR_TITLE",
            "ssh_clone_url": "git@github.com:Harsh3369/Terraform_Git_Integration_demo.git",
            "svn_url": "https://github.com/Harsh3369/Terraform_Git_Integration_demo",
            "template": [],
            "topics": [],
            "visibility": "public",
            "vulnerability_alerts": false
          },
          "sensitive_attributes": [],
          "private": "eyJzY2hlbWFfdmVyc2lvbiI6IjEifQ=="
        }
      ]
    }
  ],
  "check_results": null
}
